
Microsoft Visual Studio Solution File, Format Version 12.00
# Visual Studio Version 17
VisualStudioVersion = 17.14.36121.58 d17.14
MinimumVisualStudioVersion = 10.0.40219.1
Project("{FAE04EC0-301F-11D3-BF4B-00C04F79EFBC}") = "updateddetyraep", "updateddetyraep\updateddetyraep.csproj", "{B34A069F-2194-4D51-9F51-C94D5CAE71A4}"
EndProject
Global
	GlobalSection(SolutionConfigurationPlatforms) = preSolution
		Debug|Any CPU = Debug|Any CPU
		Release|Any CPU = Release|Any CPU
	EndGlobalSection
	GlobalSection(ProjectConfigurationPlatforms) = postSolution
		{B34A069F-2194-4D51-9F51-C94D5CAE71A4}.Debug|Any CPU.ActiveCfg = Debug|Any CPU
		{B34A069F-2194-4D51-9F51-C94D5CAE71A4}.Debug|Any CPU.Build.0 = Debug|Any CPU
		{B34A069F-2194-4D51-9F51-C94D5CAE71A4}.Release|Any CPU.ActiveCfg = Release|Any CPU
		{B34A069F-2194-4D51-9F51-C94D5CAE71A4}.Release|Any CPU.Build.0 = Release|Any CPU
	EndGlobalSection
	GlobalSection(SolutionProperties) = preSolution
		HideSolutionNode = FALSE
	EndGlobalSection
	GlobalSection(ExtensibilityGlobals) = postSolution
		SolutionGuid = {A33E20DB-A74C-4A12-B7C9-4DE51F36D207}
	EndGlobalSection
EndGlobal
